
Microsoft Visual Studio Solution File, Format Version 12.00
# Visual Studio 14
VisualStudioVersion = 14.0.25420.1
MinimumVisualStudioVersion = 10.0.40219.1
Project("{FAE04EC0-301F-11D3-BF4B-00C04F79EFBC}") = "Exercise1", "Exercise1\Exercise1.csproj", "{97366FD4-575A-46F3-8FC5-F6F96971DF42}"
EndProject
Project("{FAE04EC0-301F-11D3-BF4B-00C04F79EFBC}") = "Exercise2", "Exercise2\Exercise2.csproj", "{03170D22-E360-4C1B-A0AB-3529C68006A7}"
EndProject
Project("{FAE04EC0-301F-11D3-BF4B-00C04F79EFBC}") = "Exercise3", "Exercise3\Exercise3.csproj", "{EDECFEC7-C2A7-45E7-BDAD-9C8EFB0E4B0F}"
EndProject
Project("{FAE04EC0-301F-11D3-BF4B-00C04F79EFBC}") = "Exercise4", "Exercise4\Exercise4.csproj", "{42B51123-1246-43F4-95DD-C7A1CD99E9C4}"
EndProject
Project("{FAE04EC0-301F-11D3-BF4B-00C04F79EFBC}") = "Exercise5", "Exercise5\Exercise5.csproj", "{BE3476BC-C2BD-471E-902B-9415E6F7BD85}"
EndProject
Project("{FAE04EC0-301F-11D3-BF4B-00C04F79EFBC}") = "OOPFundamental.UnitTests", "OOPFundamental.UnitTests\OOPFundamental.UnitTests.csproj", "{0E9B45A2-CBA6-4E9C-A554-D26B63CFC0C6}"
EndProject
Global
	GlobalSection(SolutionConfigurationPlatforms) = preSolution
		Debug|Any CPU = Debug|Any CPU
		Release|Any CPU = Release|Any CPU
	EndGlobalSection
	GlobalSection(ProjectConfigurationPlatforms) = postSolution
		{97366FD4-575A-46F3-8FC5-F6F96971DF42}.Debug|Any CPU.ActiveCfg = Debug|Any CPU
		{97366FD4-575A-46F3-8FC5-F6F96971DF42}.Debug|Any CPU.Build.0 = Debug|Any CPU
		{97366FD4-575A-46F3-8FC5-F6F96971DF42}.Release|Any CPU.ActiveCfg = Release|Any CPU
		{97366FD4-575A-46F3-8FC5-F6F96971DF42}.Release|Any CPU.Build.0 = Release|Any CPU
		{03170D22-E360-4C1B-A0AB-3529C68006A7}.Debug|Any CPU.ActiveCfg = Debug|Any CPU
		{03170D22-E360-4C1B-A0AB-3529C68006A7}.Debug|Any CPU.Build.0 = Debug|Any CPU
		{03170D22-E360-4C1B-A0AB-3529C68006A7}.Release|Any CPU.ActiveCfg = Release|Any CPU
		{03170D22-E360-4C1B-A0AB-3529C68006A7}.Release|Any CPU.Build.0 = Release|Any CPU
		{EDECFEC7-C2A7-45E7-BDAD-9C8EFB0E4B0F}.Debug|Any CPU.ActiveCfg = Debug|Any CPU
		{EDECFEC7-C2A7-45E7-BDAD-9C8EFB0E4B0F}.Debug|Any CPU.Build.0 = Debug|Any CPU
		{EDECFEC7-C2A7-45E7-BDAD-9C8EFB0E4B0F}.Release|Any CPU.ActiveCfg = Release|Any CPU
		{EDECFEC7-C2A7-45E7-BDAD-9C8EFB0E4B0F}.Release|Any CPU.Build.0 = Release|Any CPU
		{42B51123-1246-43F4-95DD-C7A1CD99E9C4}.Debug|Any CPU.ActiveCfg = Debug|Any CPU
		{42B51123-1246-43F4-95DD-C7A1CD99E9C4}.Debug|Any CPU.Build.0 = Debug|Any CPU
		{42B51123-1246-43F4-95DD-C7A1CD99E9C4}.Release|Any CPU.ActiveCfg = Release|Any CPU
		{42B51123-1246-43F4-95DD-C7A1CD99E9C4}.Release|Any CPU.Build.0 = Release|Any CPU
		{BE3476BC-C2BD-471E-902B-9415E6F7BD85}.Debug|Any CPU.ActiveCfg = Debug|Any CPU
		{BE3476BC-C2BD-471E-902B-9415E6F7BD85}.Debug|Any CPU.Build.0 = Debug|Any CPU
		{BE3476BC-C2BD-471E-902B-9415E6F7BD85}.Release|Any CPU.ActiveCfg = Release|Any CPU
		{BE3476BC-C2BD-471E-902B-9415E6F7BD85}.Release|Any CPU.Build.0 = Release|Any CPU
		{0E9B45A2-CBA6-4E9C-A554-D26B63CFC0C6}.Debug|Any CPU.ActiveCfg = Debug|Any CPU
		{0E9B45A2-CBA6-4E9C-A554-D26B63CFC0C6}.Debug|Any CPU.Build.0 = Debug|Any CPU
		{0E9B45A2-CBA6-4E9C-A554-D26B63CFC0C6}.Release|Any CPU.ActiveCfg = Release|Any CPU
		{0E9B45A2-CBA6-4E9C-A554-D26B63CFC0C6}.Release|Any CPU.Build.0 = Release|Any CPU
	EndGlobalSection
	GlobalSection(SolutionProperties) = preSolution
		HideSolutionNode = FALSE
	EndGlobalSection
EndGlobal
